PODS:
  - Bolts/Tasks (1.9.0)
  - IQKeyboardManagerSwift (5.0.7)
  - Parse (1.16.0):
    - Parse/Core (= 1.16.0)
  - Parse/Core (1.16.0):
    - Bolts/Tasks (~> 1.9)
  - UICircularProgressRing (1.7.5)

DEPENDENCIES:
  - IQKeyboardManagerSwift
  - Parse
  - UICircularProgressRing

SPEC CHECKSUMS:
  Bolts: ac6567323eac61e203f6a9763667d0f711be34c8
  IQKeyboardManagerSwift: 30fb3a61de1af53a95e02b80fb54ed0a19d5ede5
  Parse: 5b36dc2c2f0a2fd82a257ae018bc3d68cf2c24e7
  UICircularProgressRing: b35e45dc82aac8009d038ef4d2e19718675df2bd

PODFILE CHECKSUM: 92ca184d38a47bba42825194b6e69e7d31491c8f

COCOAPODS: 1.4.0
